
Microsoft Visual Studio Solution File, Format Version 12.00
# Visual Studio Version 17
VisualStudioVersion = 17.2.32519.379
MinimumVisualStudioVersion = 10.0.40219.1
Project("{FAE04EC0-301F-11D3-BF4B-00C04F79EFBC}") = "NegativeRegexPatternsForString", "NegativeRegexPatternsForString\NegativeRegexPatternsForString.csproj", "{C95DD081-E338-4817-B447-470AA791DE88}"
EndProject
Project("{FAE04EC0-301F-11D3-BF4B-00C04F79EFBC}") = "TestProject1", "TestProject1\TestProject1.csproj", "{6FEBC043-F6B6-4124-891C-6E50E23909C2}"
EndProject
Global
	GlobalSection(SolutionConfigurationPlatforms) = preSolution
		Debug|Any CPU = Debug|Any CPU
		Release|Any CPU = Release|Any CPU
	EndGlobalSection
	GlobalSection(ProjectConfigurationPlatforms) = postSolution
		{C95DD081-E338-4817-B447-470AA791DE88}.Debug|Any CPU.ActiveCfg = Debug|Any CPU
		{C95DD081-E338-4817-B447-470AA791DE88}.Debug|Any CPU.Build.0 = Debug|Any CPU
		{C95DD081-E338-4817-B447-470AA791DE88}.Release|Any CPU.ActiveCfg = Release|Any CPU
		{C95DD081-E338-4817-B447-470AA791DE88}.Release|Any CPU.Build.0 = Release|Any CPU
		{6FEBC043-F6B6-4124-891C-6E50E23909C2}.Debug|Any CPU.ActiveCfg = Debug|Any CPU
		{6FEBC043-F6B6-4124-891C-6E50E23909C2}.Debug|Any CPU.Build.0 = Debug|Any CPU
		{6FEBC043-F6B6-4124-891C-6E50E23909C2}.Release|Any CPU.ActiveCfg = Release|Any CPU
		{6FEBC043-F6B6-4124-891C-6E50E23909C2}.Release|Any CPU.Build.0 = Release|Any CPU
	EndGlobalSection
	GlobalSection(SolutionProperties) = preSolution
		HideSolutionNode = FALSE
	EndGlobalSection
	GlobalSection(ExtensibilityGlobals) = postSolution
		SolutionGuid = {43F12C58-C5E1-4CF4-9779-D5079EFBC481}
	EndGlobalSection
EndGlobal
